
Microsoft Visual Studio Solution File, Format Version 12.00
# Visual Studio Version 17
VisualStudioVersion = 17.2.32602.215
MinimumVisualStudioVersion = 10.0.40219.1
Project("{FAE04EC0-301F-11D3-BF4B-00C04F79EFBC}") = "Defect-detect-ui", "Defect-detect-ui\Defect-detect-ui.csproj", "{A8C81FA2-A146-4D6A-85BD-F5E23DAFA1CB}"
EndProject
Global
	GlobalSection(SolutionConfigurationPlatforms) = preSolution
		Debug|Any CPU = Debug|Any CPU
		Release|Any CPU = Release|Any CPU
	EndGlobalSection
	GlobalSection(ProjectConfigurationPlatforms) = postSolution
		{A8C81FA2-A146-4D6A-85BD-F5E23DAFA1CB}.Debug|Any CPU.ActiveCfg = Debug|Any CPU
		{A8C81FA2-A146-4D6A-85BD-F5E23DAFA1CB}.Debug|Any CPU.Build.0 = Debug|Any CPU
		{A8C81FA2-A146-4D6A-85BD-F5E23DAFA1CB}.Release|Any CPU.ActiveCfg = Release|Any CPU
		{A8C81FA2-A146-4D6A-85BD-F5E23DAFA1CB}.Release|Any CPU.Build.0 = Release|Any CPU
	EndGlobalSection
	GlobalSection(SolutionProperties) = preSolution
		HideSolutionNode = FALSE
	EndGlobalSection
	GlobalSection(ExtensibilityGlobals) = postSolution
		SolutionGuid = {7A0282E6-5EE5-4A59-9E7D-B8D04BA8610D}
	EndGlobalSection
EndGlobal
